
Microsoft Visual Studio Solution File, Format Version 12.00
# Visual Studio Version 16
VisualStudioVersion = 16.0.30114.105
MinimumVisualStudioVersion = 10.0.40219.1
Project("{9A19103F-16F7-4668-BE54-9A1E7A4F7556}") = "TaskManager.BL", "TaskManager.BL\TaskManager.BL.csproj", "{AA9D4083-470C-4EB2-9A6D-980D661BCD10}"
EndProject
Project("{9A19103F-16F7-4668-BE54-9A1E7A4F7556}") = "TaskManager.CMD", "TaskManager.CMD\TaskManager.CMD.csproj", "{8225D594-F611-485A-93A0-1AD60A30A75B}"
EndProject
Global
	GlobalSection(SolutionConfigurationPlatforms) = preSolution
		Debug|Any CPU = Debug|Any CPU
		Release|Any CPU = Release|Any CPU
	EndGlobalSection
	GlobalSection(ProjectConfigurationPlatforms) = postSolution
		{AA9D4083-470C-4EB2-9A6D-980D661BCD10}.Debug|Any CPU.ActiveCfg = Debug|Any CPU
		{AA9D4083-470C-4EB2-9A6D-980D661BCD10}.Debug|Any CPU.Build.0 = Debug|Any CPU
		{AA9D4083-470C-4EB2-9A6D-980D661BCD10}.Release|Any CPU.ActiveCfg = Release|Any CPU
		{AA9D4083-470C-4EB2-9A6D-980D661BCD10}.Release|Any CPU.Build.0 = Release|Any CPU
		{8225D594-F611-485A-93A0-1AD60A30A75B}.Debug|Any CPU.ActiveCfg = Debug|Any CPU
		{8225D594-F611-485A-93A0-1AD60A30A75B}.Debug|Any CPU.Build.0 = Debug|Any CPU
		{8225D594-F611-485A-93A0-1AD60A30A75B}.Release|Any CPU.ActiveCfg = Release|Any CPU
		{8225D594-F611-485A-93A0-1AD60A30A75B}.Release|Any CPU.Build.0 = Release|Any CPU
	EndGlobalSection
	GlobalSection(SolutionProperties) = preSolution
		HideSolutionNode = FALSE
	EndGlobalSection
	GlobalSection(ExtensibilityGlobals) = postSolution
		SolutionGuid = {CEF1B296-AC7A-4270-910C-50465F0CED1D}
	EndGlobalSection
EndGlobal
